
Microsoft Visual Studio Solution File, Format Version 12.00
# Visual Studio Version 17
VisualStudioVersion = 17.14.36429.23 d17.14
MinimumVisualStudioVersion = 10.0.40219.1
Project("{FAE04EC0-301F-11D3-BF4B-00C04F79EFBC}") = "EmployeeManagement", "EmployeeManagement\EmployeeManagement.csproj", "{D1B413EE-817C-45C9-8095-2B89C2869ABF}"
EndProject
Global
	GlobalSection(SolutionConfigurationPlatforms) = preSolution
		Debug|Any CPU = Debug|Any CPU
		Release|Any CPU = Release|Any CPU
	EndGlobalSection
	GlobalSection(ProjectConfigurationPlatforms) = postSolution
		{D1B413EE-817C-45C9-8095-2B89C2869ABF}.Debug|Any CPU.ActiveCfg = Debug|Any CPU
		{D1B413EE-817C-45C9-8095-2B89C2869ABF}.Debug|Any CPU.Build.0 = Debug|Any CPU
		{D1B413EE-817C-45C9-8095-2B89C2869ABF}.Release|Any CPU.ActiveCfg = Release|Any CPU
		{D1B413EE-817C-45C9-8095-2B89C2869ABF}.Release|Any CPU.Build.0 = Release|Any CPU
	EndGlobalSection
	GlobalSection(SolutionProperties) = preSolution
		HideSolutionNode = FALSE
	EndGlobalSection
	GlobalSection(ExtensibilityGlobals) = postSolution
		SolutionGuid = {0C85EAAF-A810-43A3-9843-960E5620DD7C}
	EndGlobalSection
EndGlobal
